Microsoft Visual Studio Solution File, Format Version 12.00
# Visual Studio Version 17
VisualStudioVersion = 17.0.31903.59
MinimumVisualStudioVersion = 10.0.40219.1
Project("{2150E333-8FDC-42A3-9474-1A3956D46DE8}") = "src", "src", "{11111111-1111-1111-1111-111111111111}"
EndProject
Project("{9A19103F-16F7-4668-BE54-9A1E7A4F7556}") = "SLOverdrive.Core", "src\SLOverdrive.Core\SLOverdrive.Core.csproj", "{AAAAAAAA-0000-0000-0000-000000000001}"
EndProject
Project("{9A19103F-16F7-4668-BE54-9A1E7A4F7556}") = "SLOverdrive.DropMultiplier", "src\SLOverdrive.DropMultiplier\SLOverdrive.DropMultiplier.csproj", "{AAAAAAAA-0000-0000-0000-000000000002}"
EndProject
Project("{9A19103F-16F7-4668-BE54-9A1E7A4F7556}") = "SLOverdrive.TableDumper", "src\SLOverdrive.TableDumper\SLOverdrive.TableDumper.csproj", "{AAAAAAAA-0000-0000-0000-000000000003}"
EndProject
Global
	GlobalSection(SolutionConfigurationPlatforms) = preSolution
		Debug|Any CPU = Debug|Any CPU
		Release|Any CPU = Release|Any CPU
	EndGlobalSection
	GlobalSection(ProjectConfigurationPlatforms) = postSolution
		{AAAAAAAA-0000-0000-0000-000000000001}.Debug|Any CPU.ActiveCfg = Debug|Any CPU
		{AAAAAAAA-0000-0000-0000-000000000001}.Debug|Any CPU.Build.0 = Debug|Any CPU
		{AAAAAAAA-0000-0000-0000-000000000001}.Release|Any CPU.ActiveCfg = Release|Any CPU
		{AAAAAAAA-0000-0000-0000-000000000001}.Release|Any CPU.Build.0 = Release|Any CPU
		{AAAAAAAA-0000-0000-0000-000000000002}.Debug|Any CPU.ActiveCfg = Debug|Any CPU
		{AAAAAAAA-0000-0000-0000-000000000002}.Debug|Any CPU.Build.0 = Debug|Any CPU
		{AAAAAAAA-0000-0000-0000-000000000002}.Release|Any CPU.ActiveCfg = Release|Any CPU
		{AAAAAAAA-0000-0000-0000-000000000002}.Release|Any CPU.Build.0 = Release|Any CPU
		{AAAAAAAA-0000-0000-0000-000000000003}.Debug|Any CPU.ActiveCfg = Debug|Any CPU
		{AAAAAAAA-0000-0000-0000-000000000003}.Debug|Any CPU.Build.0 = Debug|Any CPU
		{AAAAAAAA-0000-0000-0000-000000000003}.Release|Any CPU.ActiveCfg = Release|Any CPU
		{AAAAAAAA-0000-0000-0000-000000000003}.Release|Any CPU.Build.0 = Release|Any CPU
	EndGlobalSection
	GlobalSection(SolutionProperties) = preSolution
		HideSolutionNode = FALSE
	EndGlobalSection
	GlobalSection(NestedProjects) = postSolution
		{AAAAAAAA-0000-0000-0000-000000000001} = {11111111-1111-1111-1111-111111111111}
		{AAAAAAAA-0000-0000-0000-000000000002} = {11111111-1111-1111-1111-111111111111}
		{AAAAAAAA-0000-0000-0000-000000000003} = {11111111-1111-1111-1111-111111111111}
	EndGlobalSection
EndGlobal
